
Microsoft Visual Studio Solution File, Format Version 12.00
# Visual Studio Version 16
VisualStudioVersion = 16.6.30114.105
MinimumVisualStudioVersion = 10.0.40219.1
Project("{FAE04EC0-301F-11D3-BF4B-00C04F79EFBC}") = "API", "API\API.csproj", "{48DE3D78-EEF5-4C5C-8B80-17092A5745F9}"
EndProject
Project("{FAE04EC0-301F-11D3-BF4B-00C04F79EFBC}") = "Application", "Application\Application.csproj", "{36F27373-1375-4B04-8655-B8237D869236}"
EndProject
Project("{FAE04EC0-301F-11D3-BF4B-00C04F79EFBC}") = "Persistence", "Persistence\Persistence.csproj", "{4127DB2A-0C0F-4591-910C-6A6E5EF9D0A1}"
EndProject
Project("{FAE04EC0-301F-11D3-BF4B-00C04F79EFBC}") = "Domain", "Domain\Domain.csproj", "{1A1353B4-AC63-496F-A7CE-DD8F001AFFEF}"
EndProject
Global
	GlobalSection(SolutionConfigurationPlatforms) = preSolution
		Debug|Any CPU = Debug|Any CPU
		Debug|x64 = Debug|x64
		Debug|x86 = Debug|x86
		Release|Any CPU = Release|Any CPU
		Release|x64 = Release|x64
		Release|x86 = Release|x86
	EndGlobalSection
	GlobalSection(SolutionProperties) = preSolution
		HideSolutionNode = FALSE
	EndGlobalSection
	GlobalSection(ProjectConfigurationPlatforms) = postSolution
		{48DE3D78-EEF5-4C5C-8B80-17092A5745F9}.Debug|Any CPU.ActiveCfg = Debug|Any CPU
		{48DE3D78-EEF5-4C5C-8B80-17092A5745F9}.Debug|Any CPU.Build.0 = Debug|Any CPU
		{48DE3D78-EEF5-4C5C-8B80-17092A5745F9}.Debug|x64.ActiveCfg = Debug|Any CPU
		{48DE3D78-EEF5-4C5C-8B80-17092A5745F9}.Debug|x64.Build.0 = Debug|Any CPU
		{48DE3D78-EEF5-4C5C-8B80-17092A5745F9}.Debug|x86.ActiveCfg = Debug|Any CPU
		{48DE3D78-EEF5-4C5C-8B80-17092A5745F9}.Debug|x86.Build.0 = Debug|Any CPU
		{48DE3D78-EEF5-4C5C-8B80-17092A5745F9}.Release|Any CPU.ActiveCfg = Release|Any CPU
		{48DE3D78-EEF5-4C5C-8B80-17092A5745F9}.Release|Any CPU.Build.0 = Release|Any CPU
		{48DE3D78-EEF5-4C5C-8B80-17092A5745F9}.Release|x64.ActiveCfg = Release|Any CPU
		{48DE3D78-EEF5-4C5C-8B80-17092A5745F9}.Release|x64.Build.0 = Release|Any CPU
		{48DE3D78-EEF5-4C5C-8B80-17092A5745F9}.Release|x86.ActiveCfg = Release|Any CPU
		{48DE3D78-EEF5-4C5C-8B80-17092A5745F9}.Release|x86.Build.0 = Release|Any CPU
		{36F27373-1375-4B04-8655-B8237D869236}.Debug|Any CPU.ActiveCfg = Debug|Any CPU
		{36F27373-1375-4B04-8655-B8237D869236}.Debug|Any CPU.Build.0 = Debug|Any CPU
		{36F27373-1375-4B04-8655-B8237D869236}.Debug|x64.ActiveCfg = Debug|Any CPU
		{36F27373-1375-4B04-8655-B8237D869236}.Debug|x64.Build.0 = Debug|Any CPU
		{36F27373-1375-4B04-8655-B8237D869236}.Debug|x86.ActiveCfg = Debug|Any CPU
		{36F27373-1375-4B04-8655-B8237D869236}.Debug|x86.Build.0 = Debug|Any CPU
		{36F27373-1375-4B04-8655-B8237D869236}.Release|Any CPU.ActiveCfg = Release|Any CPU
		{36F27373-1375-4B04-8655-B8237D869236}.Release|Any CPU.Build.0 = Release|Any CPU
		{36F27373-1375-4B04-8655-B8237D869236}.Release|x64.ActiveCfg = Release|Any CPU
		{36F27373-1375-4B04-8655-B8237D869236}.Release|x64.Build.0 = Release|Any CPU
		{36F27373-1375-4B04-8655-B8237D869236}.Release|x86.ActiveCfg = Release|Any CPU
		{36F27373-1375-4B04-8655-B8237D869236}.Release|x86.Build.0 = Release|Any CPU
		{4127DB2A-0C0F-4591-910C-6A6E5EF9D0A1}.Debug|Any CPU.ActiveCfg = Debug|Any CPU
		{4127DB2A-0C0F-4591-910C-6A6E5EF9D0A1}.Debug|Any CPU.Build.0 = Debug|Any CPU
		{4127DB2A-0C0F-4591-910C-6A6E5EF9D0A1}.Debug|x64.ActiveCfg = Debug|Any CPU
		{4127DB2A-0C0F-4591-910C-6A6E5EF9D0A1}.Debug|x64.Build.0 = Debug|Any CPU
		{4127DB2A-0C0F-4591-910C-6A6E5EF9D0A1}.Debug|x86.ActiveCfg = Debug|Any CPU
		{4127DB2A-0C0F-4591-910C-6A6E5EF9D0A1}.Debug|x86.Build.0 = Debug|Any CPU
		{4127DB2A-0C0F-4591-910C-6A6E5EF9D0A1}.Release|Any CPU.ActiveCfg = Release|Any CPU
		{4127DB2A-0C0F-4591-910C-6A6E5EF9D0A1}.Release|Any CPU.Build.0 = Release|Any CPU
		{4127DB2A-0C0F-4591-910C-6A6E5EF9D0A1}.Release|x64.ActiveCfg = Release|Any CPU
		{4127DB2A-0C0F-4591-910C-6A6E5EF9D0A1}.Release|x64.Build.0 = Release|Any CPU
		{4127DB2A-0C0F-4591-910C-6A6E5EF9D0A1}.Release|x86.ActiveCfg = Release|Any CPU
		{4127DB2A-0C0F-4591-910C-6A6E5EF9D0A1}.Release|x86.Build.0 = Release|Any CPU
		{1A1353B4-AC63-496F-A7CE-DD8F001AFFEF}.Debug|Any CPU.ActiveCfg = Debug|Any CPU
		{1A1353B4-AC63-496F-A7CE-DD8F001AFFEF}.Debug|Any CPU.Build.0 = Debug|Any CPU
		{1A1353B4-AC63-496F-A7CE-DD8F001AFFEF}.Debug|x64.ActiveCfg = Debug|Any CPU
		{1A1353B4-AC63-496F-A7CE-DD8F001AFFEF}.Debug|x64.Build.0 = Debug|Any CPU
		{1A1353B4-AC63-496F-A7CE-DD8F001AFFEF}.Debug|x86.ActiveCfg = Debug|Any CPU
		{1A1353B4-AC63-496F-A7CE-DD8F001AFFEF}.Debug|x86.Build.0 = Debug|Any CPU
		{1A1353B4-AC63-496F-A7CE-DD8F001AFFEF}.Release|Any CPU.ActiveCfg = Release|Any CPU
		{1A1353B4-AC63-496F-A7CE-DD8F001AFFEF}.Release|Any CPU.Build.0 = Release|Any CPU
		{1A1353B4-AC63-496F-A7CE-DD8F001AFFEF}.Release|x64.ActiveCfg = Release|Any CPU
		{1A1353B4-AC63-496F-A7CE-DD8F001AFFEF}.Release|x64.Build.0 = Release|Any CPU
		{1A1353B4-AC63-496F-A7CE-DD8F001AFFEF}.Release|x86.ActiveCfg = Release|Any CPU
		{1A1353B4-AC63-496F-A7CE-DD8F001AFFEF}.Release|x86.Build.0 = Release|Any CPU
	EndGlobalSection
EndGlobal
